<?xml version="1.0" encoding="utf-8"?>
<Project ToolsVersion="4.0" xmlns="http://schemas.microsoft.com/developer/msbuild/2003">
  <ItemGroup>
    <Filter Include="Source Files">
      <UniqueIdentifier>{4FC737F1-C7A5-4376-A066-2A32D752A2FF}</UniqueIdentifier>
      <Extensions>cpp;c;cc;cxx;def;odl;idl;hpj;bat;asm;asmx</Extensions>
    </Filter>
    <Filter Include="Header Files">
      <UniqueIdentifier>{93995380-89BD-4b04-88EB-625FBE52EBFB}</UniqueIdentifier>
      <Extensions>h;hh;hpp;hxx;hm;inl;inc;ipp;xsd</Extensions>
    </Filter>
    <Filter Include="Resource Files">
      <UniqueIdentifier>{67DA6AB6-F800-4c08-8B7A-83BB121AAD01}</UniqueIdentifier>
      <Extensions>rc;ico;cur;bmp;dlg;rc2;rct;bin;rgs;gif;jpg;jpeg;jpe;resx;tiff;tif;png;wav;mfcribbon-ms</Extensions>
    </Filter>
  </ItemGroup>
  <ItemGroup>
    <ClInclude Include="human.h">
      <Filter>Header Files</Filter>
    </ClInclude>
    <ClInclude Include="mergesort.h">
      <Filter>Header Files</Filter>
    </ClInclude>
    <ClInclude Include="armor.h">
      <Filter>Header Files</Filter>
    </ClInclude>
    <ClInclude Include="damage.h">
      <Filter>Header Files</Filter>
    </ClInclude>
    <ClInclude Include="globalfunctions.h">
      <Filter>Header Files</Filter>
    </ClInclude>
    <ClInclude Include="weapon.h">
      <Filter>Header Files</Filter>
    </ClInclude>
    <ClInclude Include="heavyweapon.h">
      <Filter>Header Files</Filter>
    </ClInclude>
    <ClInclude Include="lightweapon.h">
      <Filter>Header Files</Filter>
    </ClInclude>
    <ClInclude Include="mediumweapon.h">
      <Filter>Header Files</Filter>
    </ClInclude>
    <ClInclude Include="HeavyArmor.h">
      <Filter>Header Files</Filter>
    </ClInclude>
    <ClInclude Include="MediumArmor.h">
      <Filter>Header Files</Filter>
    </ClInclude>
    <ClInclude Include="LightArmor.h">
      <Filter>Header Files</Filter>
    </ClInclude>
    <ClInclude Include="charcreate.h">
      <Filter>Header Files</Filter>
    </ClInclude>
    <ClInclude Include="nakedarmor.h">
      <Filter>Header Files</Filter>
    </ClInclude>
    <ClInclude Include="weaponsandarmor.h">
      <Filter>Header Files</Filter>
    </ClInclude>
    <ClInclude Include="combatround.h">
      <Filter>Header Files</Filter>
    </ClInclude>
  </ItemGroup>
  <ItemGroup>
    <ClCompile Include="mainGame.cpp">
      <Filter>Source Files</Filter>
    </ClCompile>
    <ClCompile Include="arindel_tests.cpp">
      <Filter>Source Files</Filter>
    </ClCompile>
    <ClCompile Include="human.cpp">
      <Filter>Source Files</Filter>
    </ClCompile>
    <ClCompile Include="gloabalfunctions.cpp">
      <Filter>Source Files</Filter>
    </ClCompile>
    <ClCompile Include="heavyweapon.cpp">
      <Filter>Source Files</Filter>
    </ClCompile>
    <ClCompile Include="lightweapon.cpp">
      <Filter>Source Files</Filter>
    </ClCompile>
    <ClCompile Include="mediumweapon.cpp">
      <Filter>Source Files</Filter>
    </ClCompile>
    <ClCompile Include="charcreate.cpp">
      <Filter>Source Files</Filter>
    </ClCompile>
    <ClCompile Include="LightArmor.cpp">
      <Filter>Source Files</Filter>
    </ClCompile>
    <ClCompile Include="MediumArmor.cpp">
      <Filter>Source Files</Filter>
    </ClCompile>
    <ClCompile Include="HeavyArmor.cpp">
      <Filter>Source Files</Filter>
    </ClCompile>
    <ClCompile Include="nakedarmor.cpp">
      <Filter>Source Files</Filter>
    </ClCompile>
    <ClCompile Include="combatround.cpp">
      <Filter>Source Files</Filter>
    </ClCompile>
    <ClCompile Include="weaponsandarmor.cpp">
      <Filter>Source Files</Filter>
    </ClCompile>
  </ItemGroup>
</Project>